
Microsoft Visual Studio Solution File, Format Version 11.00
# Visual Studio 2010
Project("{FAE04EC0-301F-11D3-BF4B-00C04F79EFBC}") = "BlueFox.AM", "BlueFox.AM\BlueFox.AM.csproj", "{BA74C13C-90A9-42F5-BF6C-A2155187DF45}"
EndProject
Project("{FAE04EC0-301F-11D3-BF4B-00C04F79EFBC}") = "BlueFox.AM.Setting", "BlueFox.AM.Setting\BlueFox.AM.Setting.csproj", "{F78286F2-C70F-4B8D-83AC-FA31BBA8B034}"
EndProject
Project("{FAE04EC0-301F-11D3-BF4B-00C04F79EFBC}") = "BlueFox.Security", "..\..\BlueFox\Src\Server\BlueFox.Security\BlueFox.Security.csproj", "{5077E370-A524-421A-88E5-5D3A2E142B56}"
EndProject
Project("{FAE04EC0-301F-11D3-BF4B-00C04F79EFBC}") = "BlueFox.Form.Control", "BlueFox.Form.Control\BlueFox.Form.Control.csproj", "{4BA85C69-6E2F-44AF-B6F4-E23567CF4702}"
EndProject
Global
	GlobalSection(SolutionConfigurationPlatforms) = preSolution
		Debug|Any CPU = Debug|Any CPU
		Debug|Mixed Platforms = Debug|Mixed Platforms
		Debug|x86 = Debug|x86
		Release|Any CPU = Release|Any CPU
		Release|Mixed Platforms = Release|Mixed Platforms
		Release|x86 = Release|x86
	EndGlobalSection
	GlobalSection(ProjectConfigurationPlatforms) = postSolution
		{BA74C13C-90A9-42F5-BF6C-A2155187DF45}.Debug|Any CPU.ActiveCfg = Debug|x86
		{BA74C13C-90A9-42F5-BF6C-A2155187DF45}.Debug|Mixed Platforms.ActiveCfg = Debug|x86
		{BA74C13C-90A9-42F5-BF6C-A2155187DF45}.Debug|Mixed Platforms.Build.0 = Debug|x86
		{BA74C13C-90A9-42F5-BF6C-A2155187DF45}.Debug|x86.ActiveCfg = Debug|x86
		{BA74C13C-90A9-42F5-BF6C-A2155187DF45}.Debug|x86.Build.0 = Debug|x86
		{BA74C13C-90A9-42F5-BF6C-A2155187DF45}.Release|Any CPU.ActiveCfg = Release|x86
		{BA74C13C-90A9-42F5-BF6C-A2155187DF45}.Release|Mixed Platforms.ActiveCfg = Release|x86
		{BA74C13C-90A9-42F5-BF6C-A2155187DF45}.Release|Mixed Platforms.Build.0 = Release|x86
		{BA74C13C-90A9-42F5-BF6C-A2155187DF45}.Release|x86.ActiveCfg = Release|x86
		{BA74C13C-90A9-42F5-BF6C-A2155187DF45}.Release|x86.Build.0 = Release|x86
		{F78286F2-C70F-4B8D-83AC-FA31BBA8B034}.Debug|Any CPU.ActiveCfg = Debug|x86
		{F78286F2-C70F-4B8D-83AC-FA31BBA8B034}.Debug|Mixed Platforms.ActiveCfg = Debug|x86
		{F78286F2-C70F-4B8D-83AC-FA31BBA8B034}.Debug|Mixed Platforms.Build.0 = Debug|x86
		{F78286F2-C70F-4B8D-83AC-FA31BBA8B034}.Debug|x86.ActiveCfg = Debug|x86
		{F78286F2-C70F-4B8D-83AC-FA31BBA8B034}.Debug|x86.Build.0 = Debug|x86
		{F78286F2-C70F-4B8D-83AC-FA31BBA8B034}.Release|Any CPU.ActiveCfg = Release|x86
		{F78286F2-C70F-4B8D-83AC-FA31BBA8B034}.Release|Mixed Platforms.ActiveCfg = Release|x86
		{F78286F2-C70F-4B8D-83AC-FA31BBA8B034}.Release|Mixed Platforms.Build.0 = Release|x86
		{F78286F2-C70F-4B8D-83AC-FA31BBA8B034}.Release|x86.ActiveCfg = Release|x86
		{F78286F2-C70F-4B8D-83AC-FA31BBA8B034}.Release|x86.Build.0 = Release|x86
		{5077E370-A524-421A-88E5-5D3A2E142B56}.Debug|Any CPU.ActiveCfg = Debug|Any CPU
		{5077E370-A524-421A-88E5-5D3A2E142B56}.Debug|Any CPU.Build.0 = Debug|Any CPU
		{5077E370-A524-421A-88E5-5D3A2E142B56}.Debug|Mixed Platforms.ActiveCfg = Debug|Any CPU
		{5077E370-A524-421A-88E5-5D3A2E142B56}.Debug|Mixed Platforms.Build.0 = Debug|Any CPU
		{5077E370-A524-421A-88E5-5D3A2E142B56}.Debug|x86.ActiveCfg = Debug|Any CPU
		{5077E370-A524-421A-88E5-5D3A2E142B56}.Release|Any CPU.ActiveCfg = Release|Any CPU
		{5077E370-A524-421A-88E5-5D3A2E142B56}.Release|Any CPU.Build.0 = Release|Any CPU
		{5077E370-A524-421A-88E5-5D3A2E142B56}.Release|Mixed Platforms.ActiveCfg = Release|Any CPU
		{5077E370-A524-421A-88E5-5D3A2E142B56}.Release|Mixed Platforms.Build.0 = Release|Any CPU
		{5077E370-A524-421A-88E5-5D3A2E142B56}.Release|x86.ActiveCfg = Release|Any CPU
		{4BA85C69-6E2F-44AF-B6F4-E23567CF4702}.Debug|Any CPU.ActiveCfg = Debug|Any CPU
		{4BA85C69-6E2F-44AF-B6F4-E23567CF4702}.Debug|Any CPU.Build.0 = Debug|Any CPU
		{4BA85C69-6E2F-44AF-B6F4-E23567CF4702}.Debug|Mixed Platforms.ActiveCfg = Debug|Any CPU
		{4BA85C69-6E2F-44AF-B6F4-E23567CF4702}.Debug|Mixed Platforms.Build.0 = Debug|Any CPU
		{4BA85C69-6E2F-44AF-B6F4-E23567CF4702}.Debug|x86.ActiveCfg = Debug|Any CPU
		{4BA85C69-6E2F-44AF-B6F4-E23567CF4702}.Release|Any CPU.ActiveCfg = Release|Any CPU
		{4BA85C69-6E2F-44AF-B6F4-E23567CF4702}.Release|Any CPU.Build.0 = Release|Any CPU
		{4BA85C69-6E2F-44AF-B6F4-E23567CF4702}.Release|Mixed Platforms.ActiveCfg = Release|Any CPU
		{4BA85C69-6E2F-44AF-B6F4-E23567CF4702}.Release|Mixed Platforms.Build.0 = Release|Any CPU
		{4BA85C69-6E2F-44AF-B6F4-E23567CF4702}.Release|x86.ActiveCfg = Release|Any CPU
	EndGlobalSection
	GlobalSection(SolutionProperties) = preSolution
		HideSolutionNode = FALSE
	EndGlobalSection
EndGlobal
